// !$*UTF8*$!
{
	archiveVersion = 1;
	classes = {
	};
	objectVersion = 52;
	objects = {

/* Begin PBXBuildFile section */
		0400D76E260CFFF800ECBC38 /* Font in Resources */ = {isa = PBXBuildFile; fileRef = 0400D76D260CFFF800ECBC38 /* Font */; };
		04CA1F16260BA54E0009B463 /* PokedexApiHelper.swift in Sources */ = {isa = PBXBuildFile; fileRef = 04CA1F15260BA54D0009B463 /* PokedexApiHelper.swift */; };
		04CA1F25260BA6750009B463 /* PokemonUrl.swift in Sources */ = {isa = PBXBuildFile; fileRef = 04CA1F24260BA6750009B463 /* PokemonUrl.swift */; };
		04CA1F28260BA6880009B463 /* TypeUrl.swift in Sources */ = {isa = PBXBuildFile; fileRef = 04CA1F27260BA6880009B463 /* TypeUrl.swift */; };
		586C779C260B76B5009AFED6 /* PokemonDetailsStoryboard.storyboard in Resources */ = {isa = PBXBuildFile; fileRef = 586C779B260B76B5009AFED6 /* PokemonDetailsStoryboard.storyboard */; };
		5874C8F9260B90B2003FEEAB /* PokemonDetailsViewController.swift in Sources */ = {isa = PBXBuildFile; fileRef = 5874C8F8260B90B2003FEEAB /* PokemonDetailsViewController.swift */; };
		C806543F260B48B900526E5E /* DetailsViewController.swift in Resources */ = {isa = PBXBuildFile; fileRef = C806543E260B48B900526E5E /* DetailsViewController.swift */; };
		C8065451260B74AA00526E5E /* PokedexViewCell.swift in Sources */ = {isa = PBXBuildFile; fileRef = C8065450260B74AA00526E5E /* PokedexViewCell.swift */; };
		C8065456260B7F2F00526E5E /* PokedexTabsView.swift in Sources */ = {isa = PBXBuildFile; fileRef = C8065455260B7F2F00526E5E /* PokedexTabsView.swift */; };
		C806545B260B8BC000526E5E /* Extensions.swift in Sources */ = {isa = PBXBuildFile; fileRef = C806545A260B8BC000526E5E /* Extensions.swift */; };
		C806545F260B8ED700526E5E /* Alamofire in Frameworks */ = {isa = PBXBuildFile; productRef = C806545E260B8ED700526E5E /* Alamofire */; };
		C8065463260B906400526E5E /* AlamofireImage in Frameworks */ = {isa = PBXBuildFile; productRef = C8065462260B906400526E5E /* AlamofireImage */; };
		C806546B260B9CDF00526E5E /* PokemonAPI in Frameworks */ = {isa = PBXBuildFile; productRef = C806546A260B9CDF00526E5E /* PokemonAPI */; };
		C806548D260C88C700526E5E /* GameVersion.swift in Sources */ = {isa = PBXBuildFile; fileRef = C806548A260C88C700526E5E /* GameVersion.swift */; };
		C806548F260C88C700526E5E /* GameVersionUrl.swift in Sources */ = {isa = PBXBuildFile; fileRef = C806548C260C88C700526E5E /* GameVersionUrl.swift */; };
		C8065492260C88EA00526E5E /* PokemonInfos.storyboard in Resources */ = {isa = PBXBuildFile; fileRef = C8065491260C88EA00526E5E /* PokemonInfos.storyboard */; };
		C806549A260CD6AF00526E5E /* TestDetails.swift in Sources */ = {isa = PBXBuildFile; fileRef = C8065499260CD6AF00526E5E /* TestDetails.swift */; };
		C87546B8260A241D00150CBB /* AppDelegate.swift in Sources */ = {isa = PBXBuildFile; fileRef = C87546B7260A241D00150CBB /* AppDelegate.swift */; };
		C87546BA260A241D00150CBB /* SceneDelegate.swift in Sources */ = {isa = PBXBuildFile; fileRef = C87546B9260A241D00150CBB /* SceneDelegate.swift */; };
		C87546BC260A241D00150CBB /* MainViewController.swift in Sources */ = {isa = PBXBuildFile; fileRef = C87546BB260A241D00150CBB /* MainViewController.swift */; };
		C87546BF260A241D00150CBB /* Main.storyboard in Resources */ = {isa = PBXBuildFile; fileRef = C87546BD260A241D00150CBB /* Main.storyboard */; };
		C87546C1260A241F00150CBB /* Assets.xcassets in Resources */ = {isa = PBXBuildFile; fileRef = C87546C0260A241F00150CBB /* Assets.xcassets */; };
		C87546C4260A241F00150CBB /* LaunchScreen.storyboard in Resources */ = {isa = PBXBuildFile; fileRef = C87546C2260A241F00150CBB /* LaunchScreen.storyboard */; };
/* End PBXBuildFile section */

/* Begin PBXFileReference section */
		0400D76D260CFFF800ECBC38 /* Font */ = {isa = PBXFileReference; lastKnownFileType = folder; path = Font; sourceTree = "<group>"; };
		04CA1F15260BA54D0009B463 /* PokedexApiHelper.swift */ = {isa = PBXFileReference; lastKnownFileType = sourcecode.swift; name = PokedexApiHelper.swift; path = Helper/PokedexApiHelper.swift; sourceTree = "<group>"; };
		04CA1F24260BA6750009B463 /* PokemonUrl.swift */ = {isa = PBXFileReference; lastKnownFileType = sourcecode.swift; name = PokemonUrl.swift; path = Entity/PokemonUrl.swift; sourceTree = "<group>"; };
		04CA1F27260BA6880009B463 /* TypeUrl.swift */ = {isa = PBXFileReference; lastKnownFileType = sourcecode.swift; name = TypeUrl.swift; path = Entity/TypeUrl.swift; sourceTree = "<group>"; };
		586C779B260B76B5009AFED6 /* PokemonDetailsStoryboard.storyboard */ = {isa = PBXFileReference; lastKnownFileType = file.storyboard; path = PokemonDetailsStoryboard.storyboard; sourceTree = "<group>"; };
		5874C8F8260B90B2003FEEAB /* PokemonDetailsViewController.swift */ = {isa = PBXFileReference; lastKnownFileType = sourcecode.swift; path = PokemonDetailsViewController.swift; sourceTree = "<group>"; };
		C806543E260B48B900526E5E /* DetailsViewController.swift */ = {isa = PBXFileReference; lastKnownFileType = sourcecode.swift; path = DetailsViewController.swift; sourceTree = "<group>"; };
		C8065450260B74AA00526E5E /* PokedexViewCell.swift */ = {isa = PBXFileReference; lastKnownFileType = sourcecode.swift; path = PokedexViewCell.swift; sourceTree = "<group>"; };
		C8065455260B7F2F00526E5E /* PokedexTabsView.swift */ = {isa = PBXFileReference; lastKnownFileType = sourcecode.swift; path = PokedexTabsView.swift; sourceTree = "<group>"; };
		C806545A260B8BC000526E5E /* Extensions.swift */ = {isa = PBXFileReference; lastKnownFileType = sourcecode.swift; path = Extensions.swift; sourceTree = "<group>"; };
		C806548A260C88C700526E5E /* GameVersion.swift */ = {isa = PBXFileReference; fileEncoding = 4; lastKnownFileType = sourcecode.swift; name = GameVersion.swift; path = Entity/GameVersion.swift; sourceTree = "<group>"; };
		C806548C260C88C700526E5E /* GameVersionUrl.swift */ = {isa = PBXFileReference; fileEncoding = 4; lastKnownFileType = sourcecode.swift; name = GameVersionUrl.swift; path = Entity/GameVersionUrl.swift; sourceTree = "<group>"; };
		C8065491260C88EA00526E5E /* PokemonInfos.storyboard */ = {isa = PBXFileReference; fileEncoding = 4; lastKnownFileType = file.storyboard; path = PokemonInfos.storyboard; sourceTree = "<group>"; };
		C8065499260CD6AF00526E5E /* TestDetails.swift */ = {isa = PBXFileReference; lastKnownFileType = sourcecode.swift; path = TestDetails.swift; sourceTree = "<group>"; };
		C87546B4260A241D00150CBB /* pokedexIos.app */ = {isa = PBXFileReference; explicitFileType = wrapper.application; includeInIndex = 0; path = pokedexIos.app; sourceTree = BUILT_PRODUCTS_DIR; };
		C87546B7260A241D00150CBB /* AppDelegate.swift */ = {isa = PBXFileReference; lastKnownFileType = sourcecode.swift; path = AppDelegate.swift; sourceTree = "<group>"; };
		C87546B9260A241D00150CBB /* SceneDelegate.swift */ = {isa = PBXFileReference; lastKnownFileType = sourcecode.swift; path = SceneDelegate.swift; sourceTree = "<group>"; };
		C87546BB260A241D00150CBB /* MainViewController.swift */ = {isa = PBXFileReference; lastKnownFileType = sourcecode.swift; path = MainViewController.swift; sourceTree = "<group>"; };
		C87546BE260A241D00150CBB /* Base */ = {isa = PBXFileReference; lastKnownFileType = file.storyboard; name = Base; path = Base.lproj/Main.storyboard; sourceTree = "<group>"; };
		C87546C0260A241F00150CBB /* Assets.xcassets */ = {isa = PBXFileReference; lastKnownFileType = folder.assetcatalog; path = Assets.xcassets; sourceTree = "<group>"; };
		C87546C3260A241F00150CBB /* Base */ = {isa = PBXFileReference; lastKnownFileType = file.storyboard; name = Base; path = Base.lproj/LaunchScreen.storyboard; sourceTree = "<group>"; };
		C87546C5260A241F00150CBB /* Info.plist */ = {isa = PBXFileReference; lastKnownFileType = text.plist.xml; path = Info.plist; sourceTree = "<group>"; };
/* End PBXFileReference section */

/* Begin PBXFrameworksBuildPhase section */
		C87546B1260A241D00150CBB /* Frameworks */ = {
			isa = PBXFrameworksBuildPhase;
			buildActionMask = 2147483647;
			files = (
				C806546B260B9CDF00526E5E /* PokemonAPI in Frameworks */,
				C806545F260B8ED700526E5E /* Alamofire in Frameworks */,
				C8065463260B906400526E5E /* AlamofireImage in Frameworks */,
			);
			runOnlyForDeploymentPostprocessing = 0;
		};
/* End PBXFrameworksBuildPhase section */

/* Begin PBXGroup section */
		C8065459260B8BA500526E5E /* Utils */ = {
			isa = PBXGroup;
			children = (
				C806545A260B8BC000526E5E /* Extensions.swift */,
			);
			path = Utils;
			sourceTree = "<group>";
		};
		C87546AB260A241D00150CBB = {
			isa = PBXGroup;
			children = (
				C87546B6260A241D00150CBB /* pokedexIos */,
				C87546B5260A241D00150CBB /* Products */,
			);
			sourceTree = "<group>";
		};
		C87546B5260A241D00150CBB /* Products */ = {
			isa = PBXGroup;
			children = (
				C87546B4260A241D00150CBB /* pokedexIos.app */,
			);
			name = Products;
			sourceTree = "<group>";
		};
		C87546B6260A241D00150CBB /* pokedexIos */ = {
			isa = PBXGroup;
			children = (
				0400D76D260CFFF800ECBC38 /* Font */,
				C8065491260C88EA00526E5E /* PokemonInfos.storyboard */,
				C806548A260C88C700526E5E /* GameVersion.swift */,
				C806548C260C88C700526E5E /* GameVersionUrl.swift */,
				C8065459260B8BA500526E5E /* Utils */,
				C87546B7260A241D00150CBB /* AppDelegate.swift */,
				04CA1F15260BA54D0009B463 /* PokedexApiHelper.swift */,
				C87546B9260A241D00150CBB /* SceneDelegate.swift */,
				C87546BB260A241D00150CBB /* MainViewController.swift */,
				04CA1F24260BA6750009B463 /* PokemonUrl.swift */,
				04CA1F27260BA6880009B463 /* TypeUrl.swift */,
				C87546BD260A241D00150CBB /* Main.storyboard */,
				586C779B260B76B5009AFED6 /* PokemonDetailsStoryboard.storyboard */,
				5874C8F8260B90B2003FEEAB /* PokemonDetailsViewController.swift */,
				C87546C0260A241F00150CBB /* Assets.xcassets */,
				C87546C2260A241F00150CBB /* LaunchScreen.storyboard */,
				C87546C5260A241F00150CBB /* Info.plist */,
				C806543E260B48B900526E5E /* DetailsViewController.swift */,
				C8065450260B74AA00526E5E /* PokedexViewCell.swift */,
				C8065455260B7F2F00526E5E /* PokedexTabsView.swift */,
				C8065499260CD6AF00526E5E /* TestDetails.swift */,
			);
			path = pokedexIos;
			sourceTree = "<group>";
		};
/* End PBXGroup section */

/* Begin PBXNativeTarget section */
		C87546B3260A241D00150CBB /* pokedexIos */ = {
			isa = PBXNativeTarget;
			buildConfigurationList = C87546C8260A241F00150CBB /* Build configuration list for PBXNativeTarget "pokedexIos" */;
			buildPhases = (
				C87546B0260A241D00150CBB /* Sources */,
				C87546B1260A241D00150CBB /* Frameworks */,
				C87546B2260A241D00150CBB /* Resources */,
			);
			buildRules = (
			);
			dependencies = (
			);
			name = pokedexIos;
			packageProductDependencies = (
				C806545E260B8ED700526E5E /* Alamofire */,
				C8065462260B906400526E5E /* AlamofireImage */,
				C806546A260B9CDF00526E5E /* PokemonAPI */,
			);
			productName = pokedexIos;
			productReference = C87546B4260A241D00150CBB /* pokedexIos.app */;
			productType = "com.apple.product-type.application";
		};
/* End PBXNativeTarget section */

/* Begin PBXProject section */
		C87546AC260A241D00150CBB /* Project object */ = {
			isa = PBXProject;
			attributes = {
				LastSwiftUpdateCheck = 1240;
				LastUpgradeCheck = 1240;
				TargetAttributes = {
					C87546B3260A241D00150CBB = {
						CreatedOnToolsVersion = 12.4;
					};
				};
			};
			buildConfigurationList = C87546AF260A241D00150CBB /* Build configuration list for PBXProject "pokedexIos" */;
			compatibilityVersion = "Xcode 9.3";
			developmentRegion = en;
			hasScannedForEncodings = 0;
			knownRegions = (
				en,
				Base,
			);
			mainGroup = C87546AB260A241D00150CBB;
			packageReferences = (
				C806545D260B8ED700526E5E /* XCRemoteSwiftPackageReference "Alamofire" */,
				C8065461260B906400526E5E /* XCRemoteSwiftPackageReference "AlamofireImage" */,
				C8065469260B9CDF00526E5E /* XCRemoteSwiftPackageReference "PokemonAPI" */,
			);
			productRefGroup = C87546B5260A241D00150CBB /* Products */;
			projectDirPath = "";
			projectRoot = "";
			targets = (
				C87546B3260A241D00150CBB /* pokedexIos */,
			);
		};
/* End PBXProject section */

/* Begin PBXResourcesBuildPhase section */
		C87546B2260A241D00150CBB /* Resources */ = {
			isa = PBXResourcesBuildPhase;
			buildActionMask = 2147483647;
			files = (
				C8065492260C88EA00526E5E /* PokemonInfos.storyboard in Resources */,
				C806543F260B48B900526E5E /* DetailsViewController.swift in Resources */,
				0400D76E260CFFF800ECBC38 /* Font in Resources */,
				C87546C4260A241F00150CBB /* LaunchScreen.storyboard in Resources */,
				586C779C260B76B5009AFED6 /* PokemonDetailsStoryboard.storyboard in Resources */,
				C87546C1260A241F00150CBB /* Assets.xcassets in Resources */,
				C87546BF260A241D00150CBB /* Main.storyboard in Resources */,
			);
			runOnlyForDeploymentPostprocessing = 0;
		};
/* End PBXResourcesBuildPhase section */

/* Begin PBXSourcesBuildPhase section */
		C87546B0260A241D00150CBB /* Sources */ = {
			isa = PBXSourcesBuildPhase;
			buildActionMask = 2147483647;
			files = (
				C8065451260B74AA00526E5E /* PokedexViewCell.swift in Sources */,
				C806548D260C88C700526E5E /* GameVersion.swift in Sources */,
				04CA1F28260BA6880009B463 /* TypeUrl.swift in Sources */,
				C806545B260B8BC000526E5E /* Extensions.swift in Sources */,
				C806549A260CD6AF00526E5E /* TestDetails.swift in Sources */,
				C87546BC260A241D00150CBB /* MainViewController.swift in Sources */,
				04CA1F16260BA54E0009B463 /* PokedexApiHelper.swift in Sources */,
				04CA1F25260BA6750009B463 /* PokemonUrl.swift in Sources */,
				C806548F260C88C700526E5E /* GameVersionUrl.swift in Sources */,
				5874C8F9260B90B2003FEEAB /* PokemonDetailsViewController.swift in Sources */,
				C87546B8260A241D00150CBB /* AppDelegate.swift in Sources */,
				C87546BA260A241D00150CBB /* SceneDelegate.swift in Sources */,
				C8065456260B7F2F00526E5E /* PokedexTabsView.swift in Sources */,
			);
			runOnlyForDeploymentPostprocessing = 0;
		};
/* End PBXSourcesBuildPhase section */

/* Begin PBXVariantGroup section */
		C87546BD260A241D00150CBB /* Main.storyboard */ = {
			isa = PBXVariantGroup;
			children = (
				C87546BE260A241D00150CBB /* Base */,
			);
			name = Main.storyboard;
			sourceTree = "<group>";
		};
		C87546C2260A241F00150CBB /* LaunchScreen.storyboard */ = {
			isa = PBXVariantGroup;
			children = (
				C87546C3260A241F00150CBB /* Base */,
			);
			name = LaunchScreen.storyboard;
			sourceTree = "<group>";
		};
/* End PBXVariantGroup section */

/* Begin XCBuildConfiguration section */
		C87546C6260A241F00150CBB /* Debug */ = {
			isa = XCBuildConfiguration;
			buildSettings = {
				ALWAYS_SEARCH_USER_PATHS = NO;
				CLANG_ANALYZER_NONNULL = YES;
				CLANG_ANALYZER_NUMBER_OBJECT_CONVERSION = YES_AGGRESSIVE;
				CLANG_CXX_LANGUAGE_STANDARD = "gnu++14";
				CLANG_CXX_LIBRARY = "libc++";
				CLANG_ENABLE_MODULES = YES;
				CLANG_ENABLE_OBJC_ARC = YES;
				CLANG_ENABLE_OBJC_WEAK = YES;
				CLANG_WARN_BLOCK_CAPTURE_AUTORELEASING = YES;
				CLANG_WARN_BOOL_CONVERSION = YES;
				CLANG_WARN_COMMA = YES;
				CLANG_WARN_CONSTANT_CONVERSION = YES;
				CLANG_WARN_DEPRECATED_OBJC_IMPLEMENTATIONS = YES;
				CLANG_WARN_DIRECT_OBJC_ISA_USAGE = YES_ERROR;
				CLANG_WARN_DOCUMENTATION_COMMENTS = YES;
				CLANG_WARN_EMPTY_BODY = YES;
				CLANG_WARN_ENUM_CONVERSION = YES;
				CLANG_WARN_INFINITE_RECURSION = YES;
				CLANG_WARN_INT_CONVERSION = YES;
				CLANG_WARN_NON_LITERAL_NULL_CONVERSION = YES;
				CLANG_WARN_OBJC_IMPLICIT_RETAIN_SELF = YES;
				CLANG_WARN_OBJC_LITERAL_CONVERSION = YES;
				CLANG_WARN_OBJC_ROOT_CLASS = YES_ERROR;
				CLANG_WARN_QUOTED_INCLUDE_IN_FRAMEWORK_HEADER = YES;
				CLANG_WARN_RANGE_LOOP_ANALYSIS = YES;
				CLANG_WARN_STRICT_PROTOTYPES = YES;
				CLANG_WARN_SUSPICIOUS_MOVE = YES;
				CLANG_WARN_UNGUARDED_AVAILABILITY = YES_AGGRESSIVE;
				CLANG_WARN_UNREACHABLE_CODE = YES;
				CLANG_WARN__DUPLICATE_METHOD_MATCH = YES;
				COPY_PHASE_STRIP = NO;
				DEBUG_INFORMATION_FORMAT = dwarf;
				ENABLE_STRICT_OBJC_MSGSEND = YES;
				ENABLE_TESTABILITY = YES;
				GCC_C_LANGUAGE_STANDARD = gnu11;
				GCC_DYNAMIC_NO_PIC = NO;
				GCC_NO_COMMON_BLOCKS = YES;
				GCC_OPTIMIZATION_LEVEL = 0;
				GCC_PREPROCESSOR_DEFINITIONS = (
					"DEBUG=1",
					"$(inherited)",
				);
				GCC_WARN_64_TO_32_BIT_CONVERSION = YES;
				GCC_WARN_ABOUT_RETURN_TYPE = YES_ERROR;
				GCC_WARN_UNDECLARED_SELECTOR = YES;
				GCC_WARN_UNINITIALIZED_AUTOS = YES_AGGRESSIVE;
				GCC_WARN_UNUSED_FUNCTION = YES;
				GCC_WARN_UNUSED_VARIABLE = YES;
				IPHONEOS_DEPLOYMENT_TARGET = 14.4;
				MTL_ENABLE_DEBUG_INFO = INCLUDE_SOURCE;
				MTL_FAST_MATH = YES;
				ONLY_ACTIVE_ARCH = YES;
				SDKROOT = iphoneos;
				SWIFT_ACTIVE_COMPILATION_CONDITIONS = DEBUG;
				SWIFT_OPTIMIZATION_LEVEL = "-Onone";
			};
			name = Debug;
		};
		C87546C7260A241F00150CBB /* Release */ = {
			isa = XCBuildConfiguration;
			buildSettings = {
				ALWAYS_SEARCH_USER_PATHS = NO;
				CLANG_ANALYZER_NONNULL = YES;
				CLANG_ANALYZER_NUMBER_OBJECT_CONVERSION = YES_AGGRESSIVE;
				CLANG_CXX_LANGUAGE_STANDARD = "gnu++14";
				CLANG_CXX_LIBRARY = "libc++";
				CLANG_ENABLE_MODULES = YES;
				CLANG_ENABLE_OBJC_ARC = YES;
				CLANG_ENABLE_OBJC_WEAK = YES;
				CLANG_WARN_BLOCK_CAPTURE_AUTORELEASING = YES;
				CLANG_WARN_BOOL_CONVERSION = YES;
				CLANG_WARN_COMMA = YES;
				CLANG_WARN_CONSTANT_CONVERSION = YES;
				CLANG_WARN_DEPRECATED_OBJC_IMPLEMENTATIONS = YES;
				CLANG_WARN_DIRECT_OBJC_ISA_USAGE = YES_ERROR;
				CLANG_WARN_DOCUMENTATION_COMMENTS = YES;
				CLANG_WARN_EMPTY_BODY = YES;
				CLANG_WARN_ENUM_CONVERSION = YES;
				CLANG_WARN_INFINITE_RECURSION = YES;
				CLANG_WARN_INT_CONVERSION = YES;
				CLANG_WARN_NON_LITERAL_NULL_CONVERSION = YES;
				CLANG_WARN_OBJC_IMPLICIT_RETAIN_SELF = YES;
				CLANG_WARN_OBJC_LITERAL_CONVERSION = YES;
				CLANG_WARN_OBJC_ROOT_CLASS = YES_ERROR;
				CLANG_WARN_QUOTED_INCLUDE_IN_FRAMEWORK_HEADER = YES;
				CLANG_WARN_RANGE_LOOP_ANALYSIS = YES;
				CLANG_WARN_STRICT_PROTOTYPES = YES;
				CLANG_WARN_SUSPICIOUS_MOVE = YES;
				CLANG_WARN_UNGUARDED_AVAILABILITY = YES_AGGRESSIVE;
				CLANG_WARN_UNREACHABLE_CODE = YES;
				CLANG_WARN__DUPLICATE_METHOD_MATCH = YES;
				COPY_PHASE_STRIP = NO;
				DEBUG_INFORMATION_FORMAT = "dwarf-with-dsym";
				ENABLE_NS_ASSERTIONS = NO;
				ENABLE_STRICT_OBJC_MSGSEND = YES;
				GCC_C_LANGUAGE_STANDARD = gnu11;
				GCC_NO_COMMON_BLOCKS = YES;
				GCC_WARN_64_TO_32_BIT_CONVERSION = YES;
				GCC_WARN_ABOUT_RETURN_TYPE = YES_ERROR;
				GCC_WARN_UNDECLARED_SELECTOR = YES;
				GCC_WARN_UNINITIALIZED_AUTOS = YES_AGGRESSIVE;
				GCC_WARN_UNUSED_FUNCTION = YES;
				GCC_WARN_UNUSED_VARIABLE = YES;
				IPHONEOS_DEPLOYMENT_TARGET = 14.4;
				MTL_ENABLE_DEBUG_INFO = NO;
				MTL_FAST_MATH = YES;
				SDKROOT = iphoneos;
				SWIFT_COMPILATION_MODE = wholemodule;
				SWIFT_OPTIMIZATION_LEVEL = "-O";
				VALIDATE_PRODUCT = YES;
			};
			name = Release;
		};
		C87546C9260A241F00150CBB /* Debug */ = {
			isa = XCBuildConfiguration;
			buildSettings = {
				ASSETCATALOG_COMPILER_APPICON_NAME = AppIcon;
				ASSETCATALOG_COMPILER_GLOBAL_ACCENT_COLOR_NAME = AccentColor;
				CODE_SIGN_STYLE = Automatic;
				INFOPLIST_FILE = pokedexIos/Info.plist;
				IPHONEOS_DEPLOYMENT_TARGET = 14.3;
				LD_RUNPATH_SEARCH_PATHS = (
					"$(inherited)",
					"@executable_path/Frameworks",
				);
				PRODUCT_BUNDLE_IDENTIFIER = com.itescia.learn.pokedexIos;
				PRODUCT_NAME = "$(TARGET_NAME)";
				SWIFT_VERSION = 5.0;
				TARGETED_DEVICE_FAMILY = "1,2";
			};
			name = Debug;
		};
		C87546CA260A241F00150CBB /* Release */ = {
			isa = XCBuildConfiguration;
			buildSettings = {
				ASSETCATALOG_COMPILER_APPICON_NAME = AppIcon;
				ASSETCATALOG_COMPILER_GLOBAL_ACCENT_COLOR_NAME = AccentColor;
				CODE_SIGN_STYLE = Automatic;
				INFOPLIST_FILE = pokedexIos/Info.plist;
				IPHONEOS_DEPLOYMENT_TARGET = 14.3;
				LD_RUNPATH_SEARCH_PATHS = (
					"$(inherited)",
					"@executable_path/Frameworks",
				);
				PRODUCT_BUNDLE_IDENTIFIER = com.itescia.learn.pokedexIos;
				PRODUCT_NAME = "$(TARGET_NAME)";
				SWIFT_VERSION = 5.0;
				TARGETED_DEVICE_FAMILY = "1,2";
			};
			name = Release;
		};
/* End XCBuildConfiguration section */

/* Begin XCConfigurationList section */
		C87546AF260A241D00150CBB /* Build configuration list for PBXProject "pokedexIos" */ = {
			isa = XCConfigurationList;
			buildConfigurations = (
				C87546C6260A241F00150CBB /* Debug */,
				C87546C7260A241F00150CBB /* Release */,
			);
			defaultConfigurationIsVisible = 0;
			defaultConfigurationName = Release;
		};
		C87546C8260A241F00150CBB /* Build configuration list for PBXNativeTarget "pokedexIos" */ = {
			isa = XCConfigurationList;
			buildConfigurations = (
				C87546C9260A241F00150CBB /* Debug */,
				C87546CA260A241F00150CBB /* Release */,
			);
			defaultConfigurationIsVisible = 0;
			defaultConfigurationName = Release;
		};
/* End XCConfigurationList section */

/* Begin XCRemoteSwiftPackageReference section */
		C806545D260B8ED700526E5E /* XCRemoteSwiftPackageReference "Alamofire" */ = {
			isa = XCRemoteSwiftPackageReference;
			repositoryURL = "https://github.com/Alamofire/Alamofire.git";
			requirement = {
				kind = upToNextMajorVersion;
				minimumVersion = 5.4.1;
			};
		};
		C8065461260B906400526E5E /* XCRemoteSwiftPackageReference "AlamofireImage" */ = {
			isa = XCRemoteSwiftPackageReference;
			repositoryURL = "https://github.com/Alamofire/AlamofireImage.git";
			requirement = {
				kind = upToNextMajorVersion;
				minimumVersion = 4.1.0;
			};
		};
		C8065469260B9CDF00526E5E /* XCRemoteSwiftPackageReference "PokemonAPI" */ = {
			isa = XCRemoteSwiftPackageReference;
			repositoryURL = "https://github.com/kinkofer/PokemonAPI.git";
			requirement = {
				kind = upToNextMajorVersion;
				minimumVersion = 6.0.2;
			};
		};
/* End XCRemoteSwiftPackageReference section */

/* Begin XCSwiftPackageProductDependency section */
		C806545E260B8ED700526E5E /* Alamofire */ = {
			isa = XCSwiftPackageProductDependency;
			package = C806545D260B8ED700526E5E /* XCRemoteSwiftPackageReference "Alamofire" */;
			productName = Alamofire;
		};
		C8065462260B906400526E5E /* AlamofireImage */ = {
			isa = XCSwiftPackageProductDependency;
			package = C8065461260B906400526E5E /* XCRemoteSwiftPackageReference "AlamofireImage" */;
			productName = AlamofireImage;
		};
		C806546A260B9CDF00526E5E /* PokemonAPI */ = {
			isa = XCSwiftPackageProductDependency;
			package = C8065469260B9CDF00526E5E /* XCRemoteSwiftPackageReference "PokemonAPI" */;
			productName = PokemonAPI;
		};
/* End XCSwiftPackageProductDependency section */
	};
	rootObject = C87546AC260A241D00150CBB /* Project object */;
}
